
Microsoft Visual Studio Solution File, Format Version 12.00
# Visual Studio Version 16
VisualStudioVersion = 25.0.1703.7
MinimumVisualStudioVersion = 10.0.40219.1
Project("{FAE04EC0-301F-11D3-BF4B-00C04F79EFBC}") = "Selections", "Selections\Selections.csproj", "{BB87C0F8-C33F-4E46-BAF3-A031A3DE703A}"
EndProject
Global
	GlobalSection(SolutionConfigurationPlatforms) = preSolution
		Debug|Any CPU = Debug|Any CPU
		Release|Any CPU = Release|Any CPU
	EndGlobalSection
	GlobalSection(ProjectConfigurationPlatforms) = postSolution
		{BB87C0F8-C33F-4E46-BAF3-A031A3DE703A}.Debug|Any CPU.ActiveCfg = Debug|Any CPU
		{BB87C0F8-C33F-4E46-BAF3-A031A3DE703A}.Debug|Any CPU.Build.0 = Debug|Any CPU
		{BB87C0F8-C33F-4E46-BAF3-A031A3DE703A}.Release|Any CPU.ActiveCfg = Release|Any CPU
		{BB87C0F8-C33F-4E46-BAF3-A031A3DE703A}.Release|Any CPU.Build.0 = Release|Any CPU
	EndGlobalSection
	GlobalSection(SolutionProperties) = preSolution
		HideSolutionNode = FALSE
	EndGlobalSection
	GlobalSection(ExtensibilityGlobals) = postSolution
		SolutionGuid = {9C603BBC-186C-45E9-9BC6-EBCBE07FFA1F}
	EndGlobalSection
EndGlobal
